
Microsoft Visual Studio Solution File, Format Version 11.00
# Visual Studio 2010
Project("{FAE04EC0-301F-11D3-BF4B-00C04F79EFBC}") = "SevenDigital.Mapper", "src\SevenDigital.Mapper\SevenDigital.Mapper.csproj", "{75723B3D-F983-470E-9DF8-7013433F974F}"
EndProject
Project("{FAE04EC0-301F-11D3-BF4B-00C04F79EFBC}") = "SevenDigital.Mapper.Loader", "src\SevenDigital.Mapper.Loader\SevenDigital.Mapper.Loader.csproj", "{1FA13E7F-D7EF-40DF-9F60-ECFC23407F2F}"
EndProject
Project("{FAE04EC0-301F-11D3-BF4B-00C04F79EFBC}") = "SevenDigital.Mapper.Loader.Unit.Tests", "src\SevenDigital.Mapper.Loader.Unit.Tests\SevenDigital.Mapper.Loader.Unit.Tests.csproj", "{DF0DBFC8-D412-40CD-8ED9-9FF5D10B9A02}"
EndProject
Project("{FAE04EC0-301F-11D3-BF4B-00C04F79EFBC}") = "SevenDigital.Mapper.Domain", "src\SevenDigital.Mapper.Domain\SevenDigital.Mapper.Domain.csproj", "{63ECEA58-5288-47B8-AECF-8AA55433736E}"
EndProject
Project("{FAE04EC0-301F-11D3-BF4B-00C04F79EFBC}") = "SevenDigital.Mapper.Persistence", "src\SevenDigital.Mapper.Persistence\SevenDigital.Mapper.Persistence.csproj", "{18DB2262-DF76-43B6-96E5-392F5A336857}"
EndProject
Project("{FAE04EC0-301F-11D3-BF4B-00C04F79EFBC}") = "SevenDigital.Mapper.Persistence.Unit.Tests", "src\SevenDigital.Mapper.Persistence.Unit.Tests\SevenDigital.Mapper.Persistence.Unit.Tests.csproj", "{0EA992D0-721C-4EB8-AEE4-5D68F08FE75C}"
EndProject
Project("{FAE04EC0-301F-11D3-BF4B-00C04F79EFBC}") = "SevenDigital.Mapper.Domain.Unit.Tests", "src\SevenDigital.Mapper.Domain.Unit.Tests\SevenDigital.Mapper.Domain.Unit.Tests.csproj", "{8B4792FF-620D-4A6A-8EB3-8DB7DB7C38BC}"
EndProject
Project("{FAE04EC0-301F-11D3-BF4B-00C04F79EFBC}") = "SevenDigital.Mapper.Unit.Tests", "src\SevenDigital.Mapper.Unit.Tests\SevenDigital.Mapper.Unit.Tests.csproj", "{4CED5F26-53DB-446F-9555-98D837CEE47F}"
EndProject
Project("{FAE04EC0-301F-11D3-BF4B-00C04F79EFBC}") = "SevenDigital.Mapper.Web", "src\SevenDigital.Mapper.Web\SevenDigital.Mapper.Web.csproj", "{20838C36-ACBE-4DDE-85F7-A770150936E1}"
EndProject
Project("{FAE04EC0-301F-11D3-BF4B-00C04F79EFBC}") = "SevenDigital.Mapper.Web.Hosting", "src\SevenDigital.Mapper.Web.Hosting\SevenDigital.Mapper.Web.Hosting.csproj", "{E71176DC-F235-47C1-B9D2-9C7F06442884}"
EndProject
Project("{2150E333-8FDC-42A3-9474-1A3956D46DE8}") = ".nuget", ".nuget", "{091D0F10-B02C-4745-9439-494328841072}"
	ProjectSection(SolutionItems) = preProject
		.nuget\packages.config = .nuget\packages.config
	EndProjectSection
EndProject
Project("{FAE04EC0-301F-11D3-BF4B-00C04F79EFBC}") = "SevenDigital.Mapper.Api", "src\SevenDigital.Mapper.Api\SevenDigital.Mapper.Api.csproj", "{3D6E5833-D820-4E8B-9C6C-B487DC8E5A41}"
EndProject
Global
	GlobalSection(SolutionConfigurationPlatforms) = preSolution
		Debug|Any CPU = Debug|Any CPU
		Debug|Mixed Platforms = Debug|Mixed Platforms
		Debug|x86 = Debug|x86
		Release|Any CPU = Release|Any CPU
		Release|Mixed Platforms = Release|Mixed Platforms
		Release|x86 = Release|x86
	EndGlobalSection
	GlobalSection(ProjectConfigurationPlatforms) = postSolution
		{75723B3D-F983-470E-9DF8-7013433F974F}.Debug|Any CPU.ActiveCfg = Debug|Any CPU
		{75723B3D-F983-470E-9DF8-7013433F974F}.Debug|Any CPU.Build.0 = Debug|Any CPU
		{75723B3D-F983-470E-9DF8-7013433F974F}.Debug|Mixed Platforms.ActiveCfg = Debug|Any CPU
		{75723B3D-F983-470E-9DF8-7013433F974F}.Debug|Mixed Platforms.Build.0 = Debug|Any CPU
		{75723B3D-F983-470E-9DF8-7013433F974F}.Debug|x86.ActiveCfg = Debug|Any CPU
		{75723B3D-F983-470E-9DF8-7013433F974F}.Release|Any CPU.ActiveCfg = Release|Any CPU
		{75723B3D-F983-470E-9DF8-7013433F974F}.Release|Any CPU.Build.0 = Release|Any CPU
		{75723B3D-F983-470E-9DF8-7013433F974F}.Release|Mixed Platforms.ActiveCfg = Release|Any CPU
		{75723B3D-F983-470E-9DF8-7013433F974F}.Release|Mixed Platforms.Build.0 = Release|Any CPU
		{75723B3D-F983-470E-9DF8-7013433F974F}.Release|x86.ActiveCfg = Release|Any CPU
		{1FA13E7F-D7EF-40DF-9F60-ECFC23407F2F}.Debug|Any CPU.ActiveCfg = Debug|Any CPU
		{1FA13E7F-D7EF-40DF-9F60-ECFC23407F2F}.Debug|Any CPU.Build.0 = Debug|Any CPU
		{1FA13E7F-D7EF-40DF-9F60-ECFC23407F2F}.Debug|Mixed Platforms.ActiveCfg = Debug|Any CPU
		{1FA13E7F-D7EF-40DF-9F60-ECFC23407F2F}.Debug|Mixed Platforms.Build.0 = Debug|Any CPU
		{1FA13E7F-D7EF-40DF-9F60-ECFC23407F2F}.Debug|x86.ActiveCfg = Debug|Any CPU
		{1FA13E7F-D7EF-40DF-9F60-ECFC23407F2F}.Release|Any CPU.ActiveCfg = Release|Any CPU
		{1FA13E7F-D7EF-40DF-9F60-ECFC23407F2F}.Release|Any CPU.Build.0 = Release|Any CPU
		{1FA13E7F-D7EF-40DF-9F60-ECFC23407F2F}.Release|Mixed Platforms.ActiveCfg = Release|Any CPU
		{1FA13E7F-D7EF-40DF-9F60-ECFC23407F2F}.Release|Mixed Platforms.Build.0 = Release|Any CPU
		{1FA13E7F-D7EF-40DF-9F60-ECFC23407F2F}.Release|x86.ActiveCfg = Release|Any CPU
		{DF0DBFC8-D412-40CD-8ED9-9FF5D10B9A02}.Debug|Any CPU.ActiveCfg = Debug|Any CPU
		{DF0DBFC8-D412-40CD-8ED9-9FF5D10B9A02}.Debug|Any CPU.Build.0 = Debug|Any CPU
		{DF0DBFC8-D412-40CD-8ED9-9FF5D10B9A02}.Debug|Mixed Platforms.ActiveCfg = Debug|Any CPU
		{DF0DBFC8-D412-40CD-8ED9-9FF5D10B9A02}.Debug|Mixed Platforms.Build.0 = Debug|Any CPU
		{DF0DBFC8-D412-40CD-8ED9-9FF5D10B9A02}.Debug|x86.ActiveCfg = Debug|Any CPU
		{DF0DBFC8-D412-40CD-8ED9-9FF5D10B9A02}.Release|Any CPU.ActiveCfg = Release|Any CPU
		{DF0DBFC8-D412-40CD-8ED9-9FF5D10B9A02}.Release|Any CPU.Build.0 = Release|Any CPU
		{DF0DBFC8-D412-40CD-8ED9-9FF5D10B9A02}.Release|Mixed Platforms.ActiveCfg = Release|Any CPU
		{DF0DBFC8-D412-40CD-8ED9-9FF5D10B9A02}.Release|Mixed Platforms.Build.0 = Release|Any CPU
		{DF0DBFC8-D412-40CD-8ED9-9FF5D10B9A02}.Release|x86.ActiveCfg = Release|Any CPU
		{63ECEA58-5288-47B8-AECF-8AA55433736E}.Debug|Any CPU.ActiveCfg = Debug|Any CPU
		{63ECEA58-5288-47B8-AECF-8AA55433736E}.Debug|Any CPU.Build.0 = Debug|Any CPU
		{63ECEA58-5288-47B8-AECF-8AA55433736E}.Debug|Mixed Platforms.ActiveCfg = Debug|Any CPU
		{63ECEA58-5288-47B8-AECF-8AA55433736E}.Debug|Mixed Platforms.Build.0 = Debug|Any CPU
		{63ECEA58-5288-47B8-AECF-8AA55433736E}.Debug|x86.ActiveCfg = Debug|Any CPU
		{63ECEA58-5288-47B8-AECF-8AA55433736E}.Release|Any CPU.ActiveCfg = Release|Any CPU
		{63ECEA58-5288-47B8-AECF-8AA55433736E}.Release|Any CPU.Build.0 = Release|Any CPU
		{63ECEA58-5288-47B8-AECF-8AA55433736E}.Release|Mixed Platforms.ActiveCfg = Release|Any CPU
		{63ECEA58-5288-47B8-AECF-8AA55433736E}.Release|Mixed Platforms.Build.0 = Release|Any CPU
		{63ECEA58-5288-47B8-AECF-8AA55433736E}.Release|x86.ActiveCfg = Release|Any CPU
		{18DB2262-DF76-43B6-96E5-392F5A336857}.Debug|Any CPU.ActiveCfg = Debug|Any CPU
		{18DB2262-DF76-43B6-96E5-392F5A336857}.Debug|Any CPU.Build.0 = Debug|Any CPU
		{18DB2262-DF76-43B6-96E5-392F5A336857}.Debug|Mixed Platforms.ActiveCfg = Debug|Any CPU
		{18DB2262-DF76-43B6-96E5-392F5A336857}.Debug|Mixed Platforms.Build.0 = Debug|Any CPU
		{18DB2262-DF76-43B6-96E5-392F5A336857}.Debug|x86.ActiveCfg = Debug|Any CPU
		{18DB2262-DF76-43B6-96E5-392F5A336857}.Release|Any CPU.ActiveCfg = Release|Any CPU
		{18DB2262-DF76-43B6-96E5-392F5A336857}.Release|Any CPU.Build.0 = Release|Any CPU
		{18DB2262-DF76-43B6-96E5-392F5A336857}.Release|Mixed Platforms.ActiveCfg = Release|Any CPU
		{18DB2262-DF76-43B6-96E5-392F5A336857}.Release|Mixed Platforms.Build.0 = Release|Any CPU
		{18DB2262-DF76-43B6-96E5-392F5A336857}.Release|x86.ActiveCfg = Release|Any CPU
		{0EA992D0-721C-4EB8-AEE4-5D68F08FE75C}.Debug|Any CPU.ActiveCfg = Debug|Any CPU
		{0EA992D0-721C-4EB8-AEE4-5D68F08FE75C}.Debug|Any CPU.Build.0 = Debug|Any CPU
		{0EA992D0-721C-4EB8-AEE4-5D68F08FE75C}.Debug|Mixed Platforms.ActiveCfg = Debug|Any CPU
		{0EA992D0-721C-4EB8-AEE4-5D68F08FE75C}.Debug|Mixed Platforms.Build.0 = Debug|Any CPU
		{0EA992D0-721C-4EB8-AEE4-5D68F08FE75C}.Debug|x86.ActiveCfg = Debug|Any CPU
		{0EA992D0-721C-4EB8-AEE4-5D68F08FE75C}.Release|Any CPU.ActiveCfg = Release|Any CPU
		{0EA992D0-721C-4EB8-AEE4-5D68F08FE75C}.Release|Any CPU.Build.0 = Release|Any CPU
		{0EA992D0-721C-4EB8-AEE4-5D68F08FE75C}.Release|Mixed Platforms.ActiveCfg = Release|Any CPU
		{0EA992D0-721C-4EB8-AEE4-5D68F08FE75C}.Release|Mixed Platforms.Build.0 = Release|Any CPU
		{0EA992D0-721C-4EB8-AEE4-5D68F08FE75C}.Release|x86.ActiveCfg = Release|Any CPU
		{8B4792FF-620D-4A6A-8EB3-8DB7DB7C38BC}.Debug|Any CPU.ActiveCfg = Debug|Any CPU
		{8B4792FF-620D-4A6A-8EB3-8DB7DB7C38BC}.Debug|Any CPU.Build.0 = Debug|Any CPU
		{8B4792FF-620D-4A6A-8EB3-8DB7DB7C38BC}.Debug|Mixed Platforms.ActiveCfg = Debug|Any CPU
		{8B4792FF-620D-4A6A-8EB3-8DB7DB7C38BC}.Debug|Mixed Platforms.Build.0 = Debug|Any CPU
		{8B4792FF-620D-4A6A-8EB3-8DB7DB7C38BC}.Debug|x86.ActiveCfg = Debug|Any CPU
		{8B4792FF-620D-4A6A-8EB3-8DB7DB7C38BC}.Release|Any CPU.ActiveCfg = Release|Any CPU
		{8B4792FF-620D-4A6A-8EB3-8DB7DB7C38BC}.Release|Any CPU.Build.0 = Release|Any CPU
		{8B4792FF-620D-4A6A-8EB3-8DB7DB7C38BC}.Release|Mixed Platforms.ActiveCfg = Release|Any CPU
		{8B4792FF-620D-4A6A-8EB3-8DB7DB7C38BC}.Release|Mixed Platforms.Build.0 = Release|Any CPU
		{8B4792FF-620D-4A6A-8EB3-8DB7DB7C38BC}.Release|x86.ActiveCfg = Release|Any CPU
		{4CED5F26-53DB-446F-9555-98D837CEE47F}.Debug|Any CPU.ActiveCfg = Debug|Any CPU
		{4CED5F26-53DB-446F-9555-98D837CEE47F}.Debug|Any CPU.Build.0 = Debug|Any CPU
		{4CED5F26-53DB-446F-9555-98D837CEE47F}.Debug|Mixed Platforms.ActiveCfg = Debug|Any CPU
		{4CED5F26-53DB-446F-9555-98D837CEE47F}.Debug|Mixed Platforms.Build.0 = Debug|Any CPU
		{4CED5F26-53DB-446F-9555-98D837CEE47F}.Debug|x86.ActiveCfg = Debug|Any CPU
		{4CED5F26-53DB-446F-9555-98D837CEE47F}.Release|Any CPU.ActiveCfg = Release|Any CPU
		{4CED5F26-53DB-446F-9555-98D837CEE47F}.Release|Any CPU.Build.0 = Release|Any CPU
		{4CED5F26-53DB-446F-9555-98D837CEE47F}.Release|Mixed Platforms.ActiveCfg = Release|Any CPU
		{4CED5F26-53DB-446F-9555-98D837CEE47F}.Release|Mixed Platforms.Build.0 = Release|Any CPU
		{4CED5F26-53DB-446F-9555-98D837CEE47F}.Release|x86.ActiveCfg = Release|Any CPU
		{20838C36-ACBE-4DDE-85F7-A770150936E1}.Debug|Any CPU.ActiveCfg = Debug|Any CPU
		{20838C36-ACBE-4DDE-85F7-A770150936E1}.Debug|Any CPU.Build.0 = Debug|Any CPU
		{20838C36-ACBE-4DDE-85F7-A770150936E1}.Debug|Mixed Platforms.ActiveCfg = Debug|Any CPU
		{20838C36-ACBE-4DDE-85F7-A770150936E1}.Debug|Mixed Platforms.Build.0 = Debug|Any CPU
		{20838C36-ACBE-4DDE-85F7-A770150936E1}.Debug|x86.ActiveCfg = Debug|Any CPU
		{20838C36-ACBE-4DDE-85F7-A770150936E1}.Release|Any CPU.ActiveCfg = Release|Any CPU
		{20838C36-ACBE-4DDE-85F7-A770150936E1}.Release|Any CPU.Build.0 = Release|Any CPU
		{20838C36-ACBE-4DDE-85F7-A770150936E1}.Release|Mixed Platforms.ActiveCfg = Release|Any CPU
		{20838C36-ACBE-4DDE-85F7-A770150936E1}.Release|Mixed Platforms.Build.0 = Release|Any CPU
		{20838C36-ACBE-4DDE-85F7-A770150936E1}.Release|x86.ActiveCfg = Release|Any CPU
		{E71176DC-F235-47C1-B9D2-9C7F06442884}.Debug|Any CPU.ActiveCfg = Debug|x86
		{E71176DC-F235-47C1-B9D2-9C7F06442884}.Debug|Mixed Platforms.ActiveCfg = Debug|x86
		{E71176DC-F235-47C1-B9D2-9C7F06442884}.Debug|Mixed Platforms.Build.0 = Debug|x86
		{E71176DC-F235-47C1-B9D2-9C7F06442884}.Debug|x86.ActiveCfg = Debug|x86
		{E71176DC-F235-47C1-B9D2-9C7F06442884}.Debug|x86.Build.0 = Debug|x86
		{E71176DC-F235-47C1-B9D2-9C7F06442884}.Release|Any CPU.ActiveCfg = Release|x86
		{E71176DC-F235-47C1-B9D2-9C7F06442884}.Release|Mixed Platforms.ActiveCfg = Release|x86
		{E71176DC-F235-47C1-B9D2-9C7F06442884}.Release|Mixed Platforms.Build.0 = Release|x86
		{E71176DC-F235-47C1-B9D2-9C7F06442884}.Release|x86.ActiveCfg = Release|x86
		{E71176DC-F235-47C1-B9D2-9C7F06442884}.Release|x86.Build.0 = Release|x86
		{3D6E5833-D820-4E8B-9C6C-B487DC8E5A41}.Debug|Any CPU.ActiveCfg = Debug|Any CPU
		{3D6E5833-D820-4E8B-9C6C-B487DC8E5A41}.Debug|Any CPU.Build.0 = Debug|Any CPU
		{3D6E5833-D820-4E8B-9C6C-B487DC8E5A41}.Debug|Mixed Platforms.ActiveCfg = Debug|Any CPU
		{3D6E5833-D820-4E8B-9C6C-B487DC8E5A41}.Debug|Mixed Platforms.Build.0 = Debug|Any CPU
		{3D6E5833-D820-4E8B-9C6C-B487DC8E5A41}.Debug|x86.ActiveCfg = Debug|Any CPU
		{3D6E5833-D820-4E8B-9C6C-B487DC8E5A41}.Release|Any CPU.ActiveCfg = Release|Any CPU
		{3D6E5833-D820-4E8B-9C6C-B487DC8E5A41}.Release|Any CPU.Build.0 = Release|Any CPU
		{3D6E5833-D820-4E8B-9C6C-B487DC8E5A41}.Release|Mixed Platforms.ActiveCfg = Release|Any CPU
		{3D6E5833-D820-4E8B-9C6C-B487DC8E5A41}.Release|Mixed Platforms.Build.0 = Release|Any CPU
		{3D6E5833-D820-4E8B-9C6C-B487DC8E5A41}.Release|x86.ActiveCfg = Release|Any CPU
	EndGlobalSection
	GlobalSection(SolutionProperties) = preSolution
		HideSolutionNode = FALSE
	EndGlobalSection
	GlobalSection(MonoDevelopProperties) = preSolution
		StartupItem = src\SevenDigital.Mapper\SevenDigital.Mapper.csproj
	EndGlobalSection
EndGlobal
